// !$*UTF8*$!
{
	archiveVersion = 1;
	classes = {
	};
	objectVersion = 50;
	objects = {

/* Begin PBXBuildFile section */
		12DF5351F21017FA691A971A /* Pods_MyBlogDemoTests.framework in Frameworks */ = {isa = PBXBuildFile; fileRef = 6E5E3272CB990F469E762EFF /* Pods_MyBlogDemoTests.framework */; };
		527BB56B1AC5243CF9D8E828 /* Pods_MyBlogDemo.framework in Frameworks */ = {isa = PBXBuildFile; fileRef = F0416E95980E86CB68EB3A71 /* Pods_MyBlogDemo.framework */; };
		B1075CAB21E745C30088DFE1 /* SwiftProtocolOptionalDemo.swift in Sources */ = {isa = PBXBuildFile; fileRef = B1075CAA21E745C30088DFE1 /* SwiftProtocolOptionalDemo.swift */; };
		B10D090B2265D38100EFB12F /* Login.json in Resources */ = {isa = PBXBuildFile; fileRef = B10D090A2265D38000EFB12F /* Login.json */; };
		B10D091022660CF000EFB12F /* NewsModel.swift in Sources */ = {isa = PBXBuildFile; fileRef = B10D090F22660CF000EFB12F /* NewsModel.swift */; };
		B10D09122266107800EFB12F /* RxSwiftViewController.xib in Resources */ = {isa = PBXBuildFile; fileRef = B10D09112266107800EFB12F /* RxSwiftViewController.xib */; };
		B10D09162266113E00EFB12F /* RxNewsTableViewCell.swift in Sources */ = {isa = PBXBuildFile; fileRef = B10D09142266113E00EFB12F /* RxNewsTableViewCell.swift */; };
		B10D09172266113E00EFB12F /* RxNewsTableViewCell.xib in Resources */ = {isa = PBXBuildFile; fileRef = B10D09152266113E00EFB12F /* RxNewsTableViewCell.xib */; };
		B10EADAA221C0E4D001DCB69 /* TCTaskQueueViewController.m in Sources */ = {isa = PBXBuildFile; fileRef = B10EADA9221C0E4D001DCB69 /* TCTaskQueueViewController.m */; };
		B10EADAD221C0FAB001DCB69 /* TCTaskQueue.m in Sources */ = {isa = PBXBuildFile; fileRef = B10EADAC221C0FAB001DCB69 /* TCTaskQueue.m */; };
		B10EADB0221C0FBB001DCB69 /* TCTask.m in Sources */ = {isa = PBXBuildFile; fileRef = B10EADAF221C0FBB001DCB69 /* TCTask.m */; };
		B10EADBA222271FA001DCB69 /* TCCrashViewController.m in Sources */ = {isa = PBXBuildFile; fileRef = B10EADB9222271FA001DCB69 /* TCCrashViewController.m */; };
		B127866722129696007A0830 /* TCAutoLayoutTableViewCell.m in Sources */ = {isa = PBXBuildFile; fileRef = B127866522129696007A0830 /* TCAutoLayoutTableViewCell.m */; };
		B127866822129696007A0830 /* TCAutoLayoutTableViewCell.xib in Resources */ = {isa = PBXBuildFile; fileRef = B127866622129696007A0830 /* TCAutoLayoutTableViewCell.xib */; };
		B127866B221296FA007A0830 /* TCMasonryTableViewCell.m in Sources */ = {isa = PBXBuildFile; fileRef = B127866A221296FA007A0830 /* TCMasonryTableViewCell.m */; };
		B1330FC7211F1F2A00ED2E1A /* TCRunTimeViewController.m in Sources */ = {isa = PBXBuildFile; fileRef = B1330FC6211F1F2A00ED2E1A /* TCRunTimeViewController.m */; };
		B13674CB211C35F500282FB3 /* TCViewModel.m in Sources */ = {isa = PBXBuildFile; fileRef = B13674CA211C35F500282FB3 /* TCViewModel.m */; };
		B1390EDB212BB6460009CF4E /* TCLoadAndInitializeViewController.m in Sources */ = {isa = PBXBuildFile; fileRef = B1390EDA212BB6460009CF4E /* TCLoadAndInitializeViewController.m */; };
		B14FA7CB2121B76300D07D30 /* TCRetainCycleViewController.m in Sources */ = {isa = PBXBuildFile; fileRef = B14FA7CA2121B76300D07D30 /* TCRetainCycleViewController.m */; };
		B172BE5521C34B540025986A /* TCGCDViewController.m in Sources */ = {isa = PBXBuildFile; fileRef = B172BE5421C34B540025986A /* TCGCDViewController.m */; };
		B172BE5C21C3A4050025986A /* TCGoodTableViewController.m in Sources */ = {isa = PBXBuildFile; fileRef = B172BE5B21C3A4050025986A /* TCGoodTableViewController.m */; };
		B172BE6721C65B8F0025986A /* MyBlogDemoTests.m in Sources */ = {isa = PBXBuildFile; fileRef = B172BE6621C65B8F0025986A /* MyBlogDemoTests.m */; };
		B172BE7021C662400025986A /* TCMockViewController.m in Sources */ = {isa = PBXBuildFile; fileRef = B172BE6F21C662400025986A /* TCMockViewController.m */; };
		B172BE7321C6843A0025986A /* TCDemoTableViewCell.m in Sources */ = {isa = PBXBuildFile; fileRef = B172BE7221C6843A0025986A /* TCDemoTableViewCell.m */; };
		B172BE7521C6958D0025986A /* moco.json in Resources */ = {isa = PBXBuildFile; fileRef = B172BE7421C6958D0025986A /* moco.json */; };
		B1780AC1211C1BD5003844EB /* AppDelegate.m in Sources */ = {isa = PBXBuildFile; fileRef = B1780AC0211C1BD5003844EB /* AppDelegate.m */; };
		B1780AC4211C1BD5003844EB /* ViewController.m in Sources */ = {isa = PBXBuildFile; fileRef = B1780AC3211C1BD5003844EB /* ViewController.m */; };
		B1780AC7211C1BD5003844EB /* Main.storyboard in Resources */ = {isa = PBXBuildFile; fileRef = B1780AC5211C1BD5003844EB /* Main.storyboard */; };
		B1780AC9211C1BD6003844EB /* Assets.xcassets in Resources */ = {isa = PBXBuildFile; fileRef = B1780AC8211C1BD6003844EB /* Assets.xcassets */; };
		B1780ACC211C1BD6003844EB /* LaunchScreen.storyboard in Resources */ = {isa = PBXBuildFile; fileRef = B1780ACA211C1BD6003844EB /* LaunchScreen.storyboard */; };
		B1780ACF211C1BD6003844EB /* main.m in Sources */ = {isa = PBXBuildFile; fileRef = B1780ACE211C1BD6003844EB /* main.m */; };
		B1780AD8211C1FD2003844EB /* TCCopyViewController.m in Sources */ = {isa = PBXBuildFile; fileRef = B1780AD7211C1FD2003844EB /* TCCopyViewController.m */; };
		B1898E7022684E0D009BA72C /* NewsDataManager.swift in Sources */ = {isa = PBXBuildFile; fileRef = B1898E6F22684E0D009BA72C /* NewsDataManager.swift */; };
		B19692C9212481DC0049B804 /* TCForwardTarget.m in Sources */ = {isa = PBXBuildFile; fileRef = B19692C8212481DC0049B804 /* TCForwardTarget.m */; };
		B19CCF3321259DCB007C4764 /* TCCopyItem.m in Sources */ = {isa = PBXBuildFile; fileRef = B19CCF3221259DCB007C4764 /* TCCopyItem.m */; };
		B19CCF372125AC6B007C4764 /* TCMemoryOptimizationViewController.m in Sources */ = {isa = PBXBuildFile; fileRef = B19CCF362125AC6B007C4764 /* TCMemoryOptimizationViewController.m */; };
		B19E2B9A21F4AE8A00DEB583 /* DemoView.m in Sources */ = {isa = PBXBuildFile; fileRef = B19E2B9921F4AE8A00DEB583 /* DemoView.m */; };
		B19E2B9E21F4B0F200DEB583 /* ResponderChainViewController.m in Sources */ = {isa = PBXBuildFile; fileRef = B19E2B9C21F4B0F200DEB583 /* ResponderChainViewController.m */; };
		B19E2B9F21F4B0F200DEB583 /* ResponderChainViewController.xib in Resources */ = {isa = PBXBuildFile; fileRef = B19E2B9D21F4B0F200DEB583 /* ResponderChainViewController.xib */; };
		B19E2BA221F6C2A700DEB583 /* RxSwiftViewController.swift in Sources */ = {isa = PBXBuildFile; fileRef = B19E2BA121F6C2A700DEB583 /* RxSwiftViewController.swift */; };
		B19E2BA721F81A4B00DEB583 /* FakeNetRequest.m in Sources */ = {isa = PBXBuildFile; fileRef = B19E2BA621F81A4B00DEB583 /* FakeNetRequest.m */; };
		B19EA86721297EC100E5A54E /* TCImage.m in Sources */ = {isa = PBXBuildFile; fileRef = B19EA86621297EC100E5A54E /* TCImage.m */; };
		B19EA8692129896800E5A54E /* testImage.jpg in Resources */ = {isa = PBXBuildFile; fileRef = B19EA8682129896700E5A54E /* testImage.jpg */; };
		B19EA87021299A2D00E5A54E /* TCBlockViewController.m in Sources */ = {isa = PBXBuildFile; fileRef = B19EA86F21299A2D00E5A54E /* TCBlockViewController.m */; };
		B1A3C23421D0D39F00C9E0BD /* httpStub.json in Resources */ = {isa = PBXBuildFile; fileRef = B1B91DDC21CB45DD0011DBB6 /* httpStub.json */; };
		B1B8AAF721C892CE00B93D79 /* TCNetworkManager.m in Sources */ = {isa = PBXBuildFile; fileRef = B1B8AAF621C892CE00B93D79 /* TCNetworkManager.m */; };
		B1B8AAFB21CA1B8E00B93D79 /* TCListItemRequest.m in Sources */ = {isa = PBXBuildFile; fileRef = B1B8AAFA21CA1B8E00B93D79 /* TCListItemRequest.m */; };
		B1B8AB0021CA1C1C00B93D79 /* TCListItemResponse.m in Sources */ = {isa = PBXBuildFile; fileRef = B1B8AAFF21CA1C1C00B93D79 /* TCListItemResponse.m */; };
		B1B8AB0321CA1D7800B93D79 /* TCItemModel.m in Sources */ = {isa = PBXBuildFile; fileRef = B1B8AB0221CA1D7800B93D79 /* TCItemModel.m */; };
		B1B8AB0621CA1FC100B93D79 /* TCBaseRequest.m in Sources */ = {isa = PBXBuildFile; fileRef = B1B8AB0521CA1FC100B93D79 /* TCBaseRequest.m */; };
		B1B8AB0921CA1FD200B93D79 /* TCBaseResponse.m in Sources */ = {isa = PBXBuildFile; fileRef = B1B8AB0821CA1FD200B93D79 /* TCBaseResponse.m */; };
		B1B91DDE21CB464C0011DBB6 /* httpStub.json in Resources */ = {isa = PBXBuildFile; fileRef = B1B91DDC21CB45DD0011DBB6 /* httpStub.json */; };
		B1CF67F721E4990E003D8E24 /* SwiftDemo.swift in Sources */ = {isa = PBXBuildFile; fileRef = B1CF67F621E4990E003D8E24 /* SwiftDemo.swift */; };
		B1CF680221E5D4F7003D8E24 /* AtomicTest.m in Sources */ = {isa = PBXBuildFile; fileRef = B1CF680121E5D4F7003D8E24 /* AtomicTest.m */; };
/* End PBXBuildFile section */

/* Begin PBXContainerItemProxy section */
		B172BE6921C65B8F0025986A /* PBXContainerItemProxy */ = {
			isa = PBXContainerItemProxy;
			containerPortal = B1780AB4211C1BD5003844EB /* Project object */;
			proxyType = 1;
			remoteGlobalIDString = B1780ABB211C1BD5003844EB;
			remoteInfo = MyBlogDemo;
		};
/* End PBXContainerItemProxy section */

/* Begin PBXFileReference section */
		19184C06CB65DC3EBC8ED9B9 /* Pods-MyBlogDemo.debug.xcconfig */ = {isa = PBXFileReference; includeInIndex = 1; lastKnownFileType = text.xcconfig; name = "Pods-MyBlogDemo.debug.xcconfig"; path = "Pods/Target Support Files/Pods-MyBlogDemo/Pods-MyBlogDemo.debug.xcconfig"; sourceTree = "<group>"; };
		6E5E3272CB990F469E762EFF /* Pods_MyBlogDemoTests.framework */ = {isa = PBXFileReference; explicitFileType = wrapper.framework; includeInIndex = 0; path = Pods_MyBlogDemoTests.framework; sourceTree = BUILT_PRODUCTS_DIR; };
		7BFDC55F51D5AC57B4A9AC6B /* Pods-MyBlogDemoTests.release.xcconfig */ = {isa = PBXFileReference; includeInIndex = 1; lastKnownFileType = text.xcconfig; name = "Pods-MyBlogDemoTests.release.xcconfig"; path = "Pods/Target Support Files/Pods-MyBlogDemoTests/Pods-MyBlogDemoTests.release.xcconfig"; sourceTree = "<group>"; };
		8A619B6DCF69E6043B8C6FA0 /* Pods-MyBlogDemo.release.xcconfig */ = {isa = PBXFileReference; includeInIndex = 1; lastKnownFileType = text.xcconfig; name = "Pods-MyBlogDemo.release.xcconfig"; path = "Pods/Target Support Files/Pods-MyBlogDemo/Pods-MyBlogDemo.release.xcconfig"; sourceTree = "<group>"; };
		B1075CAA21E745C30088DFE1 /* SwiftProtocolOptionalDemo.swift */ = {isa = PBXFileReference; lastKnownFileType = sourcecode.swift; path = SwiftProtocolOptionalDemo.swift; sourceTree = "<group>"; };
		B10D090A2265D38000EFB12F /* Login.json */ = {isa = PBXFileReference; lastKnownFileType = text.json; path = Login.json; sourceTree = "<group>"; };
		B10D090F22660CF000EFB12F /* NewsModel.swift */ = {isa = PBXFileReference; lastKnownFileType = sourcecode.swift; path = NewsModel.swift; sourceTree = "<group>"; };
		B10D09112266107800EFB12F /* RxSwiftViewController.xib */ = {isa = PBXFileReference; lastKnownFileType = file.xib; path = RxSwiftViewController.xib; sourceTree = "<group>"; };
		B10D09142266113E00EFB12F /* RxNewsTableViewCell.swift */ = {isa = PBXFileReference; lastKnownFileType = sourcecode.swift; path = RxNewsTableViewCell.swift; sourceTree = "<group>"; };
		B10D09152266113E00EFB12F /* RxNewsTableViewCell.xib */ = {isa = PBXFileReference; lastKnownFileType = file.xib; path = RxNewsTableViewCell.xib; sourceTree = "<group>"; };
		B10EADA8221C0E4D001DCB69 /* TCTaskQueueViewController.h */ = {isa = PBXFileReference; lastKnownFileType = sourcecode.c.h; path = TCTaskQueueViewController.h; sourceTree = "<group>"; };
		B10EADA9221C0E4D001DCB69 /* TCTaskQueueViewController.m */ = {isa = PBXFileReference; lastKnownFileType = sourcecode.c.objc; path = TCTaskQueueViewController.m; sourceTree = "<group>"; };
		B10EADAB221C0FAB001DCB69 /* TCTaskQueue.h */ = {isa = PBXFileReference; lastKnownFileType = sourcecode.c.h; path = TCTaskQueue.h; sourceTree = "<group>"; };
		B10EADAC221C0FAB001DCB69 /* TCTaskQueue.m */ = {isa = PBXFileReference; lastKnownFileType = sourcecode.c.objc; path = TCTaskQueue.m; sourceTree = "<group>"; };
		B10EADAE221C0FBB001DCB69 /* TCTask.h */ = {isa = PBXFileReference; lastKnownFileType = sourcecode.c.h; path = TCTask.h; sourceTree = "<group>"; };
		B10EADAF221C0FBB001DCB69 /* TCTask.m */ = {isa = PBXFileReference; lastKnownFileType = sourcecode.c.objc; path = TCTask.m; sourceTree = "<group>"; };
		B10EADB8222271FA001DCB69 /* TCCrashViewController.h */ = {isa = PBXFileReference; lastKnownFileType = sourcecode.c.h; path = TCCrashViewController.h; sourceTree = "<group>"; };
		B10EADB9222271FA001DCB69 /* TCCrashViewController.m */ = {isa = PBXFileReference; lastKnownFileType = sourcecode.c.objc; path = TCCrashViewController.m; sourceTree = "<group>"; };
		B127866422129696007A0830 /* TCAutoLayoutTableViewCell.h */ = {isa = PBXFileReference; lastKnownFileType = sourcecode.c.h; path = TCAutoLayoutTableViewCell.h; sourceTree = "<group>"; };
		B127866522129696007A0830 /* TCAutoLayoutTableViewCell.m */ = {isa = PBXFileReference; lastKnownFileType = sourcecode.c.objc; path = TCAutoLayoutTableViewCell.m; sourceTree = "<group>"; };
		B127866622129696007A0830 /* TCAutoLayoutTableViewCell.xib */ = {isa = PBXFileReference; lastKnownFileType = file.xib; path = TCAutoLayoutTableViewCell.xib; sourceTree = "<group>"; };
		B1278669221296FA007A0830 /* TCMasonryTableViewCell.h */ = {isa = PBXFileReference; lastKnownFileType = sourcecode.c.h; path = TCMasonryTableViewCell.h; sourceTree = "<group>"; };
		B127866A221296FA007A0830 /* TCMasonryTableViewCell.m */ = {isa = PBXFileReference; lastKnownFileType = sourcecode.c.objc; path = TCMasonryTableViewCell.m; sourceTree = "<group>"; };
		B1330FC5211F1F2A00ED2E1A /* TCRunTimeViewController.h */ = {isa = PBXFileReference; lastKnownFileType = sourcecode.c.h; path = TCRunTimeViewController.h; sourceTree = "<group>"; };
		B1330FC6211F1F2A00ED2E1A /* TCRunTimeViewController.m */ = {isa = PBXFileReference; lastKnownFileType = sourcecode.c.objc; path = TCRunTimeViewController.m; sourceTree = "<group>"; };
		B13674C9211C35F500282FB3 /* TCViewModel.h */ = {isa = PBXFileReference; lastKnownFileType = sourcecode.c.h; path = TCViewModel.h; sourceTree = "<group>"; };
		B13674CA211C35F500282FB3 /* TCViewModel.m */ = {isa = PBXFileReference; lastKnownFileType = sourcecode.c.objc; path = TCViewModel.m; sourceTree = "<group>"; };
		B1390ED9212BB6460009CF4E /* TCLoadAndInitializeViewController.h */ = {isa = PBXFileReference; lastKnownFileType = sourcecode.c.h; path = TCLoadAndInitializeViewController.h; sourceTree = "<group>"; };
		B1390EDA212BB6460009CF4E /* TCLoadAndInitializeViewController.m */ = {isa = PBXFileReference; lastKnownFileType = sourcecode.c.objc; path = TCLoadAndInitializeViewController.m; sourceTree = "<group>"; };
		B14FA7C92121B76300D07D30 /* TCRetainCycleViewController.h */ = {isa = PBXFileReference; lastKnownFileType = sourcecode.c.h; path = TCRetainCycleViewController.h; sourceTree = "<group>"; };
		B14FA7CA2121B76300D07D30 /* TCRetainCycleViewController.m */ = {isa = PBXFileReference; lastKnownFileType = sourcecode.c.objc; path = TCRetainCycleViewController.m; sourceTree = "<group>"; };
		B172BE5321C34B540025986A /* TCGCDViewController.h */ = {isa = PBXFileReference; lastKnownFileType = sourcecode.c.h; path = TCGCDViewController.h; sourceTree = "<group>"; };
		B172BE5421C34B540025986A /* TCGCDViewController.m */ = {isa = PBXFileReference; lastKnownFileType = sourcecode.c.objc; path = TCGCDViewController.m; sourceTree = "<group>"; };
		B172BE5A21C3A4050025986A /* TCGoodTableViewController.h */ = {isa = PBXFileReference; lastKnownFileType = sourcecode.c.h; path = TCGoodTableViewController.h; sourceTree = "<group>"; };
		B172BE5B21C3A4050025986A /* TCGoodTableViewController.m */ = {isa = PBXFileReference; lastKnownFileType = sourcecode.c.objc; path = TCGoodTableViewController.m; sourceTree = "<group>"; };
		B172BE6421C65B8E0025986A /* MyBlogDemoTests.xctest */ = {isa = PBXFileReference; explicitFileType = wrapper.cfbundle; includeInIndex = 0; path = MyBlogDemoTests.xctest; sourceTree = BUILT_PRODUCTS_DIR; };
		B172BE6621C65B8F0025986A /* MyBlogDemoTests.m */ = {isa = PBXFileReference; lastKnownFileType = sourcecode.c.objc; path = MyBlogDemoTests.m; sourceTree = "<group>"; };
		B172BE6821C65B8F0025986A /* Info.plist */ = {isa = PBXFileReference; lastKnownFileType = text.plist.xml; path = Info.plist; sourceTree = "<group>"; };
		B172BE6E21C662400025986A /* TCMockViewController.h */ = {isa = PBXFileReference; lastKnownFileType = sourcecode.c.h; path = TCMockViewController.h; sourceTree = "<group>"; };
		B172BE6F21C662400025986A /* TCMockViewController.m */ = {isa = PBXFileReference; lastKnownFileType = sourcecode.c.objc; path = TCMockViewController.m; sourceTree = "<group>"; };
		B172BE7121C6843A0025986A /* TCDemoTableViewCell.h */ = {isa = PBXFileReference; lastKnownFileType = sourcecode.c.h; path = TCDemoTableViewCell.h; sourceTree = "<group>"; };
		B172BE7221C6843A0025986A /* TCDemoTableViewCell.m */ = {isa = PBXFileReference; lastKnownFileType = sourcecode.c.objc; path = TCDemoTableViewCell.m; sourceTree = "<group>"; };
		B172BE7421C6958D0025986A /* moco.json */ = {isa = PBXFileReference; fileEncoding = 4; lastKnownFileType = text.json; path = moco.json; sourceTree = "<group>"; };
		B1780ABC211C1BD5003844EB /* MyBlogDemo.app */ = {isa = PBXFileReference; explicitFileType = wrapper.application; includeInIndex = 0; path = MyBlogDemo.app; sourceTree = BUILT_PRODUCTS_DIR; };
		B1780ABF211C1BD5003844EB /* AppDelegate.h */ = {isa = PBXFileReference; lastKnownFileType = sourcecode.c.h; path = AppDelegate.h; sourceTree = "<group>"; };
		B1780AC0211C1BD5003844EB /* AppDelegate.m */ = {isa = PBXFileReference; lastKnownFileType = sourcecode.c.objc; path = AppDelegate.m; sourceTree = "<group>"; };
		B1780AC2211C1BD5003844EB /* ViewController.h */ = {isa = PBXFileReference; lastKnownFileType = sourcecode.c.h; path = ViewController.h; sourceTree = "<group>"; };
		B1780AC3211C1BD5003844EB /* ViewController.m */ = {isa = PBXFileReference; lastKnownFileType = sourcecode.c.objc; path = ViewController.m; sourceTree = "<group>"; };
		B1780AC6211C1BD5003844EB /* Base */ = {isa = PBXFileReference; lastKnownFileType = file.storyboard; name = Base; path = Base.lproj/Main.storyboard; sourceTree = "<group>"; };
		B1780AC8211C1BD6003844EB /* Assets.xcassets */ = {isa = PBXFileReference; lastKnownFileType = folder.assetcatalog; path = Assets.xcassets; sourceTree = "<group>"; };
		B1780ACB211C1BD6003844EB /* Base */ = {isa = PBXFileReference; lastKnownFileType = file.storyboard; name = Base; path = Base.lproj/LaunchScreen.storyboard; sourceTree = "<group>"; };
		B1780ACD211C1BD6003844EB /* Info.plist */ = {isa = PBXFileReference; lastKnownFileType = text.plist.xml; path = Info.plist; sourceTree = "<group>"; };
		B1780ACE211C1BD6003844EB /* main.m */ = {isa = PBXFileReference; lastKnownFileType = sourcecode.c.objc; path = main.m; sourceTree = "<group>"; };
		B1780AD6211C1FD2003844EB /* TCCopyViewController.h */ = {isa = PBXFileReference; lastKnownFileType = sourcecode.c.h; path = TCCopyViewController.h; sourceTree = "<group>"; };
		B1780AD7211C1FD2003844EB /* TCCopyViewController.m */ = {isa = PBXFileReference; lastKnownFileType = sourcecode.c.objc; path = TCCopyViewController.m; sourceTree = "<group>"; };
		B1898E6F22684E0D009BA72C /* NewsDataManager.swift */ = {isa = PBXFileReference; lastKnownFileType = sourcecode.swift; path = NewsDataManager.swift; sourceTree = "<group>"; };
		B19692C7212481DC0049B804 /* TCForwardTarget.h */ = {isa = PBXFileReference; lastKnownFileType = sourcecode.c.h; path = TCForwardTarget.h; sourceTree = "<group>"; };
		B19692C8212481DC0049B804 /* TCForwardTarget.m */ = {isa = PBXFileReference; lastKnownFileType = sourcecode.c.objc; path = TCForwardTarget.m; sourceTree = "<group>"; };
		B19CCF3121259DCB007C4764 /* TCCopyItem.h */ = {isa = PBXFileReference; lastKnownFileType = sourcecode.c.h; path = TCCopyItem.h; sourceTree = "<group>"; };
		B19CCF3221259DCB007C4764 /* TCCopyItem.m */ = {isa = PBXFileReference; lastKnownFileType = sourcecode.c.objc; path = TCCopyItem.m; sourceTree = "<group>"; };
		B19CCF352125AC6B007C4764 /* TCMemoryOptimizationViewController.h */ = {isa = PBXFileReference; lastKnownFileType = sourcecode.c.h; path = TCMemoryOptimizationViewController.h; sourceTree = "<group>"; };
		B19CCF362125AC6B007C4764 /* TCMemoryOptimizationViewController.m */ = {isa = PBXFileReference; lastKnownFileType = sourcecode.c.objc; path = TCMemoryOptimizationViewController.m; sourceTree = "<group>"; };
		B19E2B9821F4AE8A00DEB583 /* DemoView.h */ = {isa = PBXFileReference; lastKnownFileType = sourcecode.c.h; path = DemoView.h; sourceTree = "<group>"; };
		B19E2B9921F4AE8A00DEB583 /* DemoView.m */ = {isa = PBXFileReference; lastKnownFileType = sourcecode.c.objc; path = DemoView.m; sourceTree = "<group>"; };
		B19E2B9B21F4B0F200DEB583 /* ResponderChainViewController.h */ = {isa = PBXFileReference; lastKnownFileType = sourcecode.c.h; path = ResponderChainViewController.h; sourceTree = "<group>"; };
		B19E2B9C21F4B0F200DEB583 /* ResponderChainViewController.m */ = {isa = PBXFileReference; lastKnownFileType = sourcecode.c.objc; path = ResponderChainViewController.m; sourceTree = "<group>"; };
		B19E2B9D21F4B0F200DEB583 /* ResponderChainViewController.xib */ = {isa = PBXFileReference; lastKnownFileType = file.xib; path = ResponderChainViewController.xib; sourceTree = "<group>"; };
		B19E2BA121F6C2A700DEB583 /* RxSwiftViewController.swift */ = {isa = PBXFileReference; lastKnownFileType = sourcecode.swift; path = RxSwiftViewController.swift; sourceTree = "<group>"; };
		B19E2BA521F81A4B00DEB583 /* FakeNetRequest.h */ = {isa = PBXFileReference; lastKnownFileType = sourcecode.c.h; path = FakeNetRequest.h; sourceTree = "<group>"; };
		B19E2BA621F81A4B00DEB583 /* FakeNetRequest.m */ = {isa = PBXFileReference; lastKnownFileType = sourcecode.c.objc; path = FakeNetRequest.m; sourceTree = "<group>"; };
		B19EA86521297EC100E5A54E /* TCImage.h */ = {isa = PBXFileReference; lastKnownFileType = sourcecode.c.h; path = TCImage.h; sourceTree = "<group>"; };
		B19EA86621297EC100E5A54E /* TCImage.m */ = {isa = PBXFileReference; lastKnownFileType = sourcecode.c.objc; path = TCImage.m; sourceTree = "<group>"; };
		B19EA8682129896700E5A54E /* testImage.jpg */ = {isa = PBXFileReference; lastKnownFileType = image.jpeg; name = testImage.jpg; path = Assets.xcassets/a.imageset/testImage.jpg; sourceTree = "<group>"; };
		B19EA86E21299A2D00E5A54E /* TCBlockViewController.h */ = {isa = PBXFileReference; lastKnownFileType = sourcecode.c.h; path = TCBlockViewController.h; sourceTree = "<group>"; };
		B19EA86F21299A2D00E5A54E /* TCBlockViewController.m */ = {isa = PBXFileReference; lastKnownFileType = sourcecode.c.objc; path = TCBlockViewController.m; sourceTree = "<group>"; };
		B1B8AAF521C892CE00B93D79 /* TCNetworkManager.h */ = {isa = PBXFileReference; lastKnownFileType = sourcecode.c.h; path = TCNetworkManager.h; sourceTree = "<group>"; };
		B1B8AAF621C892CE00B93D79 /* TCNetworkManager.m */ = {isa = PBXFileReference; lastKnownFileType = sourcecode.c.objc; path = TCNetworkManager.m; sourceTree = "<group>"; };
		B1B8AAF921CA1B8E00B93D79 /* TCListItemRequest.h */ = {isa = PBXFileReference; lastKnownFileType = sourcecode.c.h; path = TCListItemRequest.h; sourceTree = "<group>"; };
		B1B8AAFA21CA1B8E00B93D79 /* TCListItemRequest.m */ = {isa = PBXFileReference; lastKnownFileType = sourcecode.c.objc; path = TCListItemRequest.m; sourceTree = "<group>"; };
		B1B8AAFE21CA1C1C00B93D79 /* TCListItemResponse.h */ = {isa = PBXFileReference; lastKnownFileType = sourcecode.c.h; path = TCListItemResponse.h; sourceTree = "<group>"; };
		B1B8AAFF21CA1C1C00B93D79 /* TCListItemResponse.m */ = {isa = PBXFileReference; lastKnownFileType = sourcecode.c.objc; path = TCListItemResponse.m; sourceTree = "<group>"; };
		B1B8AB0121CA1D7800B93D79 /* TCItemModel.h */ = {isa = PBXFileReference; lastKnownFileType = sourcecode.c.h; path = TCItemModel.h; sourceTree = "<group>"; };
		B1B8AB0221CA1D7800B93D79 /* TCItemModel.m */ = {isa = PBXFileReference; lastKnownFileType = sourcecode.c.objc; path = TCItemModel.m; sourceTree = "<group>"; };
		B1B8AB0421CA1FC100B93D79 /* TCBaseRequest.h */ = {isa = PBXFileReference; lastKnownFileType = sourcecode.c.h; path = TCBaseRequest.h; sourceTree = "<group>"; };
		B1B8AB0521CA1FC100B93D79 /* TCBaseRequest.m */ = {isa = PBXFileReference; lastKnownFileType = sourcecode.c.objc; path = TCBaseRequest.m; sourceTree = "<group>"; };
		B1B8AB0721CA1FD200B93D79 /* TCBaseResponse.h */ = {isa = PBXFileReference; lastKnownFileType = sourcecode.c.h; path = TCBaseResponse.h; sourceTree = "<group>"; };
		B1B8AB0821CA1FD200B93D79 /* TCBaseResponse.m */ = {isa = PBXFileReference; lastKnownFileType = sourcecode.c.objc; path = TCBaseResponse.m; sourceTree = "<group>"; };
		B1B91DDC21CB45DD0011DBB6 /* httpStub.json */ = {isa = PBXFileReference; fileEncoding = 4; lastKnownFileType = text.json; path = httpStub.json; sourceTree = "<group>"; };
		B1CF67F521E4990E003D8E24 /* MyBlogDemo-Bridging-Header.h */ = {isa = PBXFileReference; lastKnownFileType = sourcecode.c.h; path = "MyBlogDemo-Bridging-Header.h"; sourceTree = "<group>"; };
		B1CF67F621E4990E003D8E24 /* SwiftDemo.swift */ = {isa = PBXFileReference; lastKnownFileType = sourcecode.swift; path = SwiftDemo.swift; sourceTree = "<group>"; };
		B1CF680121E5D4F7003D8E24 /* AtomicTest.m */ = {isa = PBXFileReference; lastKnownFileType = sourcecode.c.objc; path = AtomicTest.m; sourceTree = "<group>"; };
		E1531DD6D286098607ECFA3E /* Pods-MyBlogDemoTests.debug.xcconfig */ = {isa = PBXFileReference; includeInIndex = 1; lastKnownFileType = text.xcconfig; name = "Pods-MyBlogDemoTests.debug.xcconfig"; path = "Pods/Target Support Files/Pods-MyBlogDemoTests/Pods-MyBlogDemoTests.debug.xcconfig"; sourceTree = "<group>"; };
		F0416E95980E86CB68EB3A71 /* Pods_MyBlogDemo.framework */ = {isa = PBXFileReference; explicitFileType = wrapper.framework; includeInIndex = 0; path = Pods_MyBlogDemo.framework; sourceTree = BUILT_PRODUCTS_DIR; };
/* End PBXFileReference section */

/* Begin PBXFrameworksBuildPhase section */
		B172BE6121C65B8E0025986A /* Frameworks */ = {
			isa = PBXFrameworksBuildPhase;
			buildActionMask = 2147483647;
			files = (
				12DF5351F21017FA691A971A /* Pods_MyBlogDemoTests.framework in Frameworks */,
			);
			runOnlyForDeploymentPostprocessing = 0;
		};
		B1780AB9211C1BD5003844EB /* Frameworks */ = {
			isa = PBXFrameworksBuildPhase;
			buildActionMask = 2147483647;
			files = (
				527BB56B1AC5243CF9D8E828 /* Pods_MyBlogDemo.framework in Frameworks */,
			);
			runOnlyForDeploymentPostprocessing = 0;
		};
/* End PBXFrameworksBuildPhase section */

/* Begin PBXGroup section */
		B10D090E22660CDB00EFB12F /* ViewModel */ = {
			isa = PBXGroup;
			children = (
				B10D090F22660CF000EFB12F /* NewsModel.swift */,
			);
			path = ViewModel;
			sourceTree = "<group>";
		};
		B10D09132266112000EFB12F /* Cell */ = {
			isa = PBXGroup;
			children = (
				B10D09142266113E00EFB12F /* RxNewsTableViewCell.swift */,
				B10D09152266113E00EFB12F /* RxNewsTableViewCell.xib */,
			);
			path = Cell;
			sourceTree = "<group>";
		};
		B10EADA7221C0DF9001DCB69 /* TaskQueue */ = {
			isa = PBXGroup;
			children = (
				B10EADA8221C0E4D001DCB69 /* TCTaskQueueViewController.h */,
				B10EADA9221C0E4D001DCB69 /* TCTaskQueueViewController.m */,
				B10EADAB221C0FAB001DCB69 /* TCTaskQueue.h */,
				B10EADAC221C0FAB001DCB69 /* TCTaskQueue.m */,
				B10EADAE221C0FBB001DCB69 /* TCTask.h */,
				B10EADAF221C0FBB001DCB69 /* TCTask.m */,
			);
			path = TaskQueue;
			sourceTree = "<group>";
		};
		B10EADB722224E03001DCB69 /* Crash */ = {
			isa = PBXGroup;
			children = (
				B10EADB8222271FA001DCB69 /* TCCrashViewController.h */,
				B10EADB9222271FA001DCB69 /* TCCrashViewController.m */,
			);
			path = Crash;
			sourceTree = "<group>";
		};
		B1330FC4211F1F0600ED2E1A /* RuntimeDemo */ = {
			isa = PBXGroup;
			children = (
				B1330FC5211F1F2A00ED2E1A /* TCRunTimeViewController.h */,
				B1330FC6211F1F2A00ED2E1A /* TCRunTimeViewController.m */,
				B19692C7212481DC0049B804 /* TCForwardTarget.h */,
				B19692C8212481DC0049B804 /* TCForwardTarget.m */,
			);
			path = RuntimeDemo;
			sourceTree = "<group>";
		};
		B1390ED8212BB6030009CF4E /* Load&Initialize */ = {
			isa = PBXGroup;
			children = (
				B1390ED9212BB6460009CF4E /* TCLoadAndInitializeViewController.h */,
				B1390EDA212BB6460009CF4E /* TCLoadAndInitializeViewController.m */,
			);
			path = "Load&Initialize";
			sourceTree = "<group>";
		};
		B14FA7C82121B71B00D07D30 /* RetainCycle */ = {
			isa = PBXGroup;
			children = (
				B14FA7C92121B76300D07D30 /* TCRetainCycleViewController.h */,
				B14FA7CA2121B76300D07D30 /* TCRetainCycleViewController.m */,
			);
			path = RetainCycle;
			sourceTree = "<group>";
		};
		B172BE5221C348530025986A /* GCD */ = {
			isa = PBXGroup;
			children = (
				B172BE5321C34B540025986A /* TCGCDViewController.h */,
				B172BE5421C34B540025986A /* TCGCDViewController.m */,
			);
			path = GCD;
			sourceTree = "<group>";
		};
		B172BE5621C3912D0025986A /* GoodTableView */ = {
			isa = PBXGroup;
			children = (
				B19E2BA421F8195900DEB583 /* FakeNetworkRequest */,
				B172BE5E21C635E10025986A /* Model */,
				B172BE5D21C635D90025986A /* View */,
				B172BE5A21C3A4050025986A /* TCGoodTableViewController.h */,
				B172BE5B21C3A4050025986A /* TCGoodTableViewController.m */,
			);
			path = GoodTableView;
			sourceTree = "<group>";
		};
		B172BE5D21C635D90025986A /* View */ = {
			isa = PBXGroup;
			children = (
				B172BE7121C6843A0025986A /* TCDemoTableViewCell.h */,
				B172BE7221C6843A0025986A /* TCDemoTableViewCell.m */,
				B127866422129696007A0830 /* TCAutoLayoutTableViewCell.h */,
				B127866522129696007A0830 /* TCAutoLayoutTableViewCell.m */,
				B127866622129696007A0830 /* TCAutoLayoutTableViewCell.xib */,
				B1278669221296FA007A0830 /* TCMasonryTableViewCell.h */,
				B127866A221296FA007A0830 /* TCMasonryTableViewCell.m */,
			);
			path = View;
			sourceTree = "<group>";
		};
		B172BE5E21C635E10025986A /* Model */ = {
			isa = PBXGroup;
			children = (
				B1B8AB0121CA1D7800B93D79 /* TCItemModel.h */,
				B1B8AB0221CA1D7800B93D79 /* TCItemModel.m */,
			);
			path = Model;
			sourceTree = "<group>";
		};
		B172BE5F21C640550025986A /* Mock */ = {
			isa = PBXGroup;
			children = (
				B1B8AAF421C8929900B93D79 /* NetworkManager */,
				B172BE6E21C662400025986A /* TCMockViewController.h */,
				B172BE6F21C662400025986A /* TCMockViewController.m */,
				B172BE7421C6958D0025986A /* moco.json */,
			);
			path = Mock;
			sourceTree = "<group>";
		};
		B172BE6521C65B8F0025986A /* MyBlogDemoTests */ = {
			isa = PBXGroup;
			children = (
				B1CF680121E5D4F7003D8E24 /* AtomicTest.m */,
				B172BE6621C65B8F0025986A /* MyBlogDemoTests.m */,
				B1B91DDC21CB45DD0011DBB6 /* httpStub.json */,
				B172BE6821C65B8F0025986A /* Info.plist */,
			);
			path = MyBlogDemoTests;
			sourceTree = "<group>";
		};
		B1780AB3211C1BD5003844EB = {
			isa = PBXGroup;
			children = (
				B1780ABE211C1BD5003844EB /* MyBlogDemo */,
				B172BE6521C65B8F0025986A /* MyBlogDemoTests */,
				B1780ABD211C1BD5003844EB /* Products */,
				FF97EAFB78C00911CDA12EF2 /* Pods */,
				E206F889C50DBA3CAECA1CF7 /* Frameworks */,
			);
			sourceTree = "<group>";
		};
		B1780ABD211C1BD5003844EB /* Products */ = {
			isa = PBXGroup;
			children = (
				B1780ABC211C1BD5003844EB /* MyBlogDemo.app */,
				B172BE6421C65B8E0025986A /* MyBlogDemoTests.xctest */,
			);
			name = Products;
			sourceTree = "<group>";
		};
		B1780ABE211C1BD5003844EB /* MyBlogDemo */ = {
			isa = PBXGroup;
			children = (
				B10EADB722224E03001DCB69 /* Crash */,
				B10EADA7221C0DF9001DCB69 /* TaskQueue */,
				B19E2BA021F6C28900DEB583 /* MVVM+RxSwift */,
				B19E2B9321F4A76200DEB583 /* ResponderChain */,
				B1CF67F421E498EA003D8E24 /* Swift */,
				B172BE5F21C640550025986A /* Mock */,
				B172BE5621C3912D0025986A /* GoodTableView */,
				B172BE5221C348530025986A /* GCD */,
				B1390ED8212BB6030009CF4E /* Load&Initialize */,
				B19EA86D21299A1700E5A54E /* Block */,
				B19CCF342125ABF3007C4764 /* MemoryOptimization */,
				B14FA7C82121B71B00D07D30 /* RetainCycle */,
				B1330FC4211F1F0600ED2E1A /* RuntimeDemo */,
				B1780AD9211C21A6003844EB /* Model */,
				B1780AD5211C1E38003844EB /* Copy,Strong,DeepCopy,ShallowCopy */,
				B1780ABF211C1BD5003844EB /* AppDelegate.h */,
				B1780AC0211C1BD5003844EB /* AppDelegate.m */,
				B19EA8682129896700E5A54E /* testImage.jpg */,
				B1780AC2211C1BD5003844EB /* ViewController.h */,
				B1780AC3211C1BD5003844EB /* ViewController.m */,
				B1780AC5211C1BD5003844EB /* Main.storyboard */,
				B1780AC8211C1BD6003844EB /* Assets.xcassets */,
				B1780ACA211C1BD6003844EB /* LaunchScreen.storyboard */,
				B1780ACD211C1BD6003844EB /* Info.plist */,
				B1780ACE211C1BD6003844EB /* main.m */,
				B10D090A2265D38000EFB12F /* Login.json */,
			);
			path = MyBlogDemo;
			sourceTree = "<group>";
		};
		B1780AD5211C1E38003844EB /* Copy,Strong,DeepCopy,ShallowCopy */ = {
			isa = PBXGroup;
			children = (
				B1780AD6211C1FD2003844EB /* TCCopyViewController.h */,
				B1780AD7211C1FD2003844EB /* TCCopyViewController.m */,
				B19CCF3121259DCB007C4764 /* TCCopyItem.h */,
				B19CCF3221259DCB007C4764 /* TCCopyItem.m */,
			);
			path = "Copy,Strong,DeepCopy,ShallowCopy";
			sourceTree = "<group>";
		};
		B1780AD9211C21A6003844EB /* Model */ = {
			isa = PBXGroup;
			children = (
				B13674C9211C35F500282FB3 /* TCViewModel.h */,
				B13674CA211C35F500282FB3 /* TCViewModel.m */,
			);
			path = Model;
			sourceTree = "<group>";
		};
		B19CCF342125ABF3007C4764 /* MemoryOptimization */ = {
			isa = PBXGroup;
			children = (
				B19CCF352125AC6B007C4764 /* TCMemoryOptimizationViewController.h */,
				B19CCF362125AC6B007C4764 /* TCMemoryOptimizationViewController.m */,
				B19EA86521297EC100E5A54E /* TCImage.h */,
				B19EA86621297EC100E5A54E /* TCImage.m */,
			);
			path = MemoryOptimization;
			sourceTree = "<group>";
		};
		B19E2B9321F4A76200DEB583 /* ResponderChain */ = {
			isa = PBXGroup;
			children = (
				B19E2B9721F4AE5D00DEB583 /* View */,
				B19E2B9B21F4B0F200DEB583 /* ResponderChainViewController.h */,
				B19E2B9C21F4B0F200DEB583 /* ResponderChainViewController.m */,
				B19E2B9D21F4B0F200DEB583 /* ResponderChainViewController.xib */,
			);
			path = ResponderChain;
			sourceTree = "<group>";
		};
		B19E2B9721F4AE5D00DEB583 /* View */ = {
			isa = PBXGroup;
			children = (
				B19E2B9821F4AE8A00DEB583 /* DemoView.h */,
				B19E2B9921F4AE8A00DEB583 /* DemoView.m */,
			);
			path = View;
			sourceTree = "<group>";
		};
		B19E2BA021F6C28900DEB583 /* MVVM+RxSwift */ = {
			isa = PBXGroup;
			children = (
				B10D09132266112000EFB12F /* Cell */,
				B10D090E22660CDB00EFB12F /* ViewModel */,
				B19E2BA121F6C2A700DEB583 /* RxSwiftViewController.swift */,
				B10D09112266107800EFB12F /* RxSwiftViewController.xib */,
				B1898E6F22684E0D009BA72C /* NewsDataManager.swift */,
			);
			path = "MVVM+RxSwift";
			sourceTree = "<group>";
		};
		B19E2BA421F8195900DEB583 /* FakeNetworkRequest */ = {
			isa = PBXGroup;
			children = (
				B19E2BA521F81A4B00DEB583 /* FakeNetRequest.h */,
				B19E2BA621F81A4B00DEB583 /* FakeNetRequest.m */,
			);
			path = FakeNetworkRequest;
			sourceTree = "<group>";
		};
		B19EA86D21299A1700E5A54E /* Block */ = {
			isa = PBXGroup;
			children = (
				B19EA86E21299A2D00E5A54E /* TCBlockViewController.h */,
				B19EA86F21299A2D00E5A54E /* TCBlockViewController.m */,
			);
			path = Block;
			sourceTree = "<group>";
		};
		B1B8AAF421C8929900B93D79 /* NetworkManager */ = {
			isa = PBXGroup;
			children = (
				B1B8AAFC21CA1BD800B93D79 /* Response */,
				B1B8AAF821CA19B600B93D79 /* Request */,
				B1B8AAF521C892CE00B93D79 /* TCNetworkManager.h */,
				B1B8AAF621C892CE00B93D79 /* TCNetworkManager.m */,
			);
			path = NetworkManager;
			sourceTree = "<group>";
		};
		B1B8AAF821CA19B600B93D79 /* Request */ = {
			isa = PBXGroup;
			children = (
				B1B8AAF921CA1B8E00B93D79 /* TCListItemRequest.h */,
				B1B8AAFA21CA1B8E00B93D79 /* TCListItemRequest.m */,
				B1B8AB0421CA1FC100B93D79 /* TCBaseRequest.h */,
				B1B8AB0521CA1FC100B93D79 /* TCBaseRequest.m */,
			);
			path = Request;
			sourceTree = "<group>";
		};
		B1B8AAFC21CA1BD800B93D79 /* Response */ = {
			isa = PBXGroup;
			children = (
				B1B8AAFE21CA1C1C00B93D79 /* TCListItemResponse.h */,
				B1B8AAFF21CA1C1C00B93D79 /* TCListItemResponse.m */,
				B1B8AB0721CA1FD200B93D79 /* TCBaseResponse.h */,
				B1B8AB0821CA1FD200B93D79 /* TCBaseResponse.m */,
			);
			path = Response;
			sourceTree = "<group>";
		};
		B1CF67F421E498EA003D8E24 /* Swift */ = {
			isa = PBXGroup;
			children = (
				B1CF67F621E4990E003D8E24 /* SwiftDemo.swift */,
				B1075CAA21E745C30088DFE1 /* SwiftProtocolOptionalDemo.swift */,
				B1CF67F521E4990E003D8E24 /* MyBlogDemo-Bridging-Header.h */,
			);
			path = Swift;
			sourceTree = "<group>";
		};
		E206F889C50DBA3CAECA1CF7 /* Frameworks */ = {
			isa = PBXGroup;
			children = (
				F0416E95980E86CB68EB3A71 /* Pods_MyBlogDemo.framework */,
				6E5E3272CB990F469E762EFF /* Pods_MyBlogDemoTests.framework */,
			);
			name = Frameworks;
			sourceTree = "<group>";
		};
		FF97EAFB78C00911CDA12EF2 /* Pods */ = {
			isa = PBXGroup;
			children = (
				19184C06CB65DC3EBC8ED9B9 /* Pods-MyBlogDemo.debug.xcconfig */,
				8A619B6DCF69E6043B8C6FA0 /* Pods-MyBlogDemo.release.xcconfig */,
				E1531DD6D286098607ECFA3E /* Pods-MyBlogDemoTests.debug.xcconfig */,
				7BFDC55F51D5AC57B4A9AC6B /* Pods-MyBlogDemoTests.release.xcconfig */,
			);
			name = Pods;
			sourceTree = "<group>";
		};
/* End PBXGroup section */

/* Begin PBXNativeTarget section */
		B172BE6321C65B8E0025986A /* MyBlogDemoTests */ = {
			isa = PBXNativeTarget;
			buildConfigurationList = B172BE6B21C65B8F0025986A /* Build configuration list for PBXNativeTarget "MyBlogDemoTests" */;
			buildPhases = (
				8333D5D515E7F20D09D90D23 /* [CP] Check Pods Manifest.lock */,
				B172BE6021C65B8E0025986A /* Sources */,
				B172BE6121C65B8E0025986A /* Frameworks */,
				B172BE6221C65B8E0025986A /* Resources */,
				CD2FB299107546D1D748C72E /* [CP] Embed Pods Frameworks */,
			);
			buildRules = (
			);
			dependencies = (
				B172BE6A21C65B8F0025986A /* PBXTargetDependency */,
			);
			name = MyBlogDemoTests;
			productName = MyBlogDemoTests;
			productReference = B172BE6421C65B8E0025986A /* MyBlogDemoTests.xctest */;
			productType = "com.apple.product-type.bundle.unit-test";
		};
		B1780ABB211C1BD5003844EB /* MyBlogDemo */ = {
			isa = PBXNativeTarget;
			buildConfigurationList = B1780AD2211C1BD6003844EB /* Build configuration list for PBXNativeTarget "MyBlogDemo" */;
			buildPhases = (
				E1A423DE9CFD42E63EF61ACA /* [CP] Check Pods Manifest.lock */,
				B1780AB8211C1BD5003844EB /* Sources */,
				B1780AB9211C1BD5003844EB /* Frameworks */,
				B1780ABA211C1BD5003844EB /* Resources */,
				169E96B9F0B4FB01E822AEF8 /* [CP] Embed Pods Frameworks */,
			);
			buildRules = (
			);
			dependencies = (
			);
			name = MyBlogDemo;
			productName = MyBlogDemo;
			productReference = B1780ABC211C1BD5003844EB /* MyBlogDemo.app */;
			productType = "com.apple.product-type.application";
		};
/* End PBXNativeTarget section */

/* Begin PBXProject section */
		B1780AB4211C1BD5003844EB /* Project object */ = {
			isa = PBXProject;
			attributes = {
				LastUpgradeCheck = 1020;
				ORGANIZATIONNAME = "Tianchi Wang";
				TargetAttributes = {
					B172BE6321C65B8E0025986A = {
						CreatedOnToolsVersion = 10.1;
						TestTargetID = B1780ABB211C1BD5003844EB;
					};
					B1780ABB211C1BD5003844EB = {
						CreatedOnToolsVersion = 10.0;
						LastSwiftMigration = 1010;
					};
				};
			};
			buildConfigurationList = B1780AB7211C1BD5003844EB /* Build configuration list for PBXProject "MyBlogDemo" */;
			compatibilityVersion = "Xcode 9.3";
			developmentRegion = en;
			hasScannedForEncodings = 0;
			knownRegions = (
				en,
				Base,
			);
			mainGroup = B1780AB3211C1BD5003844EB;
			productRefGroup = B1780ABD211C1BD5003844EB /* Products */;
			projectDirPath = "";
			projectRoot = "";
			targets = (
				B1780ABB211C1BD5003844EB /* MyBlogDemo */,
				B172BE6321C65B8E0025986A /* MyBlogDemoTests */,
			);
		};
/* End PBXProject section */

/* Begin PBXResourcesBuildPhase section */
		B172BE6221C65B8E0025986A /* Resources */ = {
			isa = PBXResourcesBuildPhase;
			buildActionMask = 2147483647;
			files = (
				B1B91DDE21CB464C0011DBB6 /* httpStub.json in Resources */,
			);
			runOnlyForDeploymentPostprocessing = 0;
		};
		B1780ABA211C1BD5003844EB /* Resources */ = {
			isa = PBXResourcesBuildPhase;
			buildActionMask = 2147483647;
			files = (
				B1780ACC211C1BD6003844EB /* LaunchScreen.storyboard in Resources */,
				B19E2B9F21F4B0F200DEB583 /* ResponderChainViewController.xib in Resources */,
				B10D09122266107800EFB12F /* RxSwiftViewController.xib in Resources */,
				B1780AC9211C1BD6003844EB /* Assets.xcassets in Resources */,
				B10D09172266113E00EFB12F /* RxNewsTableViewCell.xib in Resources */,
				B1780AC7211C1BD5003844EB /* Main.storyboard in Resources */,
				B19EA8692129896800E5A54E /* testImage.jpg in Resources */,
				B10D090B2265D38100EFB12F /* Login.json in Resources */,
				B172BE7521C6958D0025986A /* moco.json in Resources */,
				B1A3C23421D0D39F00C9E0BD /* httpStub.json in Resources */,
				B127866822129696007A0830 /* TCAutoLayoutTableViewCell.xib in Resources */,
			);
			runOnlyForDeploymentPostprocessing = 0;
		};
/* End PBXResourcesBuildPhase section */

/* Begin PBXShellScriptBuildPhase section */
		169E96B9F0B4FB01E822AEF8 /* [CP] Embed Pods Frameworks */ = {
			isa = PBXShellScriptBuildPhase;
			buildActionMask = 2147483647;
			files = (
			);
			inputPaths = (
				"${PODS_ROOT}/Target Support Files/Pods-MyBlogDemo/Pods-MyBlogDemo-frameworks.sh",
				"${BUILT_PRODUCTS_DIR}/Alamofire/Alamofire.framework",
				"${BUILT_PRODUCTS_DIR}/Masonry/Masonry.framework",
				"${BUILT_PRODUCTS_DIR}/OHHTTPStubs/OHHTTPStubs.framework",
				"${BUILT_PRODUCTS_DIR}/RxCocoa/RxCocoa.framework",
				"${BUILT_PRODUCTS_DIR}/RxSwift/RxSwift.framework",
			);
			name = "[CP] Embed Pods Frameworks";
			outputPaths = (
				"${TARGET_BUILD_DIR}/${FRAMEWORKS_FOLDER_PATH}/Alamofire.framework",
				"${TARGET_BUILD_DIR}/${FRAMEWORKS_FOLDER_PATH}/Masonry.framework",
				"${TARGET_BUILD_DIR}/${FRAMEWORKS_FOLDER_PATH}/OHHTTPStubs.framework",
				"${TARGET_BUILD_DIR}/${FRAMEWORKS_FOLDER_PATH}/RxCocoa.framework",
				"${TARGET_BUILD_DIR}/${FRAMEWORKS_FOLDER_PATH}/RxSwift.framework",
			);
			runOnlyForDeploymentPostprocessing = 0;
			shellPath = /bin/sh;
			shellScript = "\"${PODS_ROOT}/Target Support Files/Pods-MyBlogDemo/Pods-MyBlogDemo-frameworks.sh\"\n";
			showEnvVarsInLog = 0;
		};
		8333D5D515E7F20D09D90D23 /* [CP] Check Pods Manifest.lock */ = {
			isa = PBXShellScriptBuildPhase;
			buildActionMask = 2147483647;
			files = (
			);
			inputPaths = (
				"${PODS_PODFILE_DIR_PATH}/Podfile.lock",
				"${PODS_ROOT}/Manifest.lock",
			);
			name = "[CP] Check Pods Manifest.lock";
			outputPaths = (
				"$(DERIVED_FILE_DIR)/Pods-MyBlogDemoTests-checkManifestLockResult.txt",
			);
			runOnlyForDeploymentPostprocessing = 0;
			shellPath = /bin/sh;
			shellScript = "diff \"${PODS_PODFILE_DIR_PATH}/Podfile.lock\" \"${PODS_ROOT}/Manifest.lock\" > /dev/null\nif [ $? != 0 ] ; then\n    # print error to STDERR\n    echo \"error: The sandbox is not in sync with the Podfile.lock. Run 'pod install' or update your CocoaPods installation.\" >&2\n    exit 1\nfi\n# This output is used by Xcode 'outputs' to avoid re-running this script phase.\necho \"SUCCESS\" > \"${SCRIPT_OUTPUT_FILE_0}\"\n";
			showEnvVarsInLog = 0;
		};
		CD2FB299107546D1D748C72E /* [CP] Embed Pods Frameworks */ = {
			isa = PBXShellScriptBuildPhase;
			buildActionMask = 2147483647;
			files = (
			);
			inputPaths = (
				"${PODS_ROOT}/Target Support Files/Pods-MyBlogDemoTests/Pods-MyBlogDemoTests-frameworks.sh",
				"${BUILT_PRODUCTS_DIR}/OHHTTPStubs/OHHTTPStubs.framework",
			);
			name = "[CP] Embed Pods Frameworks";
			outputPaths = (
				"${TARGET_BUILD_DIR}/${FRAMEWORKS_FOLDER_PATH}/OHHTTPStubs.framework",
			);
			runOnlyForDeploymentPostprocessing = 0;
			shellPath = /bin/sh;
			shellScript = "\"${PODS_ROOT}/Target Support Files/Pods-MyBlogDemoTests/Pods-MyBlogDemoTests-frameworks.sh\"\n";
			showEnvVarsInLog = 0;
		};
		E1A423DE9CFD42E63EF61ACA /* [CP] Check Pods Manifest.lock */ = {
			isa = PBXShellScriptBuildPhase;
			buildActionMask = 2147483647;
			files = (
			);
			inputPaths = (
				"${PODS_PODFILE_DIR_PATH}/Podfile.lock",
				"${PODS_ROOT}/Manifest.lock",
			);
			name = "[CP] Check Pods Manifest.lock";
			outputPaths = (
				"$(DERIVED_FILE_DIR)/Pods-MyBlogDemo-checkManifestLockResult.txt",
			);
			runOnlyForDeploymentPostprocessing = 0;
			shellPath = /bin/sh;
			shellScript = "diff \"${PODS_PODFILE_DIR_PATH}/Podfile.lock\" \"${PODS_ROOT}/Manifest.lock\" > /dev/null\nif [ $? != 0 ] ; then\n    # print error to STDERR\n    echo \"error: The sandbox is not in sync with the Podfile.lock. Run 'pod install' or update your CocoaPods installation.\" >&2\n    exit 1\nfi\n# This output is used by Xcode 'outputs' to avoid re-running this script phase.\necho \"SUCCESS\" > \"${SCRIPT_OUTPUT_FILE_0}\"\n";
			showEnvVarsInLog = 0;
		};
/* End PBXShellScriptBuildPhase section */

/* Begin PBXSourcesBuildPhase section */
		B172BE6021C65B8E0025986A /* Sources */ = {
			isa = PBXSourcesBuildPhase;
			buildActionMask = 2147483647;
			files = (
				B1CF680221E5D4F7003D8E24 /* AtomicTest.m in Sources */,
				B172BE6721C65B8F0025986A /* MyBlogDemoTests.m in Sources */,
			);
			runOnlyForDeploymentPostprocessing = 0;
		};
		B1780AB8211C1BD5003844EB /* Sources */ = {
			isa = PBXSourcesBuildPhase;
			buildActionMask = 2147483647;
			files = (
				B1B8AB0021CA1C1C00B93D79 /* TCListItemResponse.m in Sources */,
				B1780AC4211C1BD5003844EB /* ViewController.m in Sources */,
				B1B8AAFB21CA1B8E00B93D79 /* TCListItemRequest.m in Sources */,
				B172BE7321C6843A0025986A /* TCDemoTableViewCell.m in Sources */,
				B10EADAA221C0E4D001DCB69 /* TCTaskQueueViewController.m in Sources */,
				B1CF67F721E4990E003D8E24 /* SwiftDemo.swift in Sources */,
				B172BE7021C662400025986A /* TCMockViewController.m in Sources */,
				B10EADB0221C0FBB001DCB69 /* TCTask.m in Sources */,
				B1075CAB21E745C30088DFE1 /* SwiftProtocolOptionalDemo.swift in Sources */,
				B19CCF372125AC6B007C4764 /* TCMemoryOptimizationViewController.m in Sources */,
				B19EA86721297EC100E5A54E /* TCImage.m in Sources */,
				B1780ACF211C1BD6003844EB /* main.m in Sources */,
				B10D09162266113E00EFB12F /* RxNewsTableViewCell.swift in Sources */,
				B10D091022660CF000EFB12F /* NewsModel.swift in Sources */,
				B1330FC7211F1F2A00ED2E1A /* TCRunTimeViewController.m in Sources */,
				B13674CB211C35F500282FB3 /* TCViewModel.m in Sources */,
				B1898E7022684E0D009BA72C /* NewsDataManager.swift in Sources */,
				B127866B221296FA007A0830 /* TCMasonryTableViewCell.m in Sources */,
				B19E2BA721F81A4B00DEB583 /* FakeNetRequest.m in Sources */,
				B19E2BA221F6C2A700DEB583 /* RxSwiftViewController.swift in Sources */,
				B19E2B9E21F4B0F200DEB583 /* ResponderChainViewController.m in Sources */,
				B10EADBA222271FA001DCB69 /* TCCrashViewController.m in Sources */,
				B1780AD8211C1FD2003844EB /* TCCopyViewController.m in Sources */,
				B1B8AB0621CA1FC100B93D79 /* TCBaseRequest.m in Sources */,
				B1B8AAF721C892CE00B93D79 /* TCNetworkManager.m in Sources */,
				B172BE5C21C3A4050025986A /* TCGoodTableViewController.m in Sources */,
				B19E2B9A21F4AE8A00DEB583 /* DemoView.m in Sources */,
				B19CCF3321259DCB007C4764 /* TCCopyItem.m in Sources */,
				B1B8AB0921CA1FD200B93D79 /* TCBaseResponse.m in Sources */,
				B14FA7CB2121B76300D07D30 /* TCRetainCycleViewController.m in Sources */,
				B1780AC1211C1BD5003844EB /* AppDelegate.m in Sources */,
				B19692C9212481DC0049B804 /* TCForwardTarget.m in Sources */,
				B1390EDB212BB6460009CF4E /* TCLoadAndInitializeViewController.m in Sources */,
				B10EADAD221C0FAB001DCB69 /* TCTaskQueue.m in Sources */,
				B1B8AB0321CA1D7800B93D79 /* TCItemModel.m in Sources */,
				B127866722129696007A0830 /* TCAutoLayoutTableViewCell.m in Sources */,
				B172BE5521C34B540025986A /* TCGCDViewController.m in Sources */,
				B19EA87021299A2D00E5A54E /* TCBlockViewController.m in Sources */,
			);
			runOnlyForDeploymentPostprocessing = 0;
		};
/* End PBXSourcesBuildPhase section */

/* Begin PBXTargetDependency section */
		B172BE6A21C65B8F0025986A /* PBXTargetDependency */ = {
			isa = PBXTargetDependency;
			target = B1780ABB211C1BD5003844EB /* MyBlogDemo */;
			targetProxy = B172BE6921C65B8F0025986A /* PBXContainerItemProxy */;
		};
/* End PBXTargetDependency section */

/* Begin PBXVariantGroup section */
		B1780AC5211C1BD5003844EB /* Main.storyboard */ = {
			isa = PBXVariantGroup;
			children = (
				B1780AC6211C1BD5003844EB /* Base */,
			);
			name = Main.storyboard;
			sourceTree = "<group>";
		};
		B1780ACA211C1BD6003844EB /* LaunchScreen.storyboard */ = {
			isa = PBXVariantGroup;
			children = (
				B1780ACB211C1BD6003844EB /* Base */,
			);
			name = LaunchScreen.storyboard;
			sourceTree = "<group>";
		};
/* End PBXVariantGroup section */

/* Begin XCBuildConfiguration section */
		B172BE6C21C65B8F0025986A /* Debug */ = {
			isa = XCBuildConfiguration;
			baseConfigurationReference = E1531DD6D286098607ECFA3E /* Pods-MyBlogDemoTests.debug.xcconfig */;
			buildSettings = {
				ALWAYS_EMBED_SWIFT_STANDARD_LIBRARIES = YES;
				BUNDLE_LOADER = "$(TEST_HOST)";
				CODE_SIGN_STYLE = Automatic;
				DEVELOPMENT_TEAM = 8U54G7LGSB;
				INFOPLIST_FILE = MyBlogDemoTests/Info.plist;
				IPHONEOS_DEPLOYMENT_TARGET = 9.0;
				LD_RUNPATH_SEARCH_PATHS = (
					"$(inherited)",
					"@executable_path/Frameworks",
					"@loader_path/Frameworks",
				);
				ONLY_ACTIVE_ARCH = YES;
				PRODUCT_BUNDLE_IDENTIFIER = WTC.MyBlogDemoTests;
				PRODUCT_NAME = "$(TARGET_NAME)";
				TARGETED_DEVICE_FAMILY = "1,2";
				TEST_HOST = "$(BUILT_PRODUCTS_DIR)/MyBlogDemo.app/MyBlogDemo";
				VALID_ARCHS = "arm64 arm64e armv7 armv7s";
			};
			name = Debug;
		};
		B172BE6D21C65B8F0025986A /* Release */ = {
			isa = XCBuildConfiguration;
			baseConfigurationReference = 7BFDC55F51D5AC57B4A9AC6B /* Pods-MyBlogDemoTests.release.xcconfig */;
			buildSettings = {
				ALWAYS_EMBED_SWIFT_STANDARD_LIBRARIES = YES;
				BUNDLE_LOADER = "$(TEST_HOST)";
				CODE_SIGN_STYLE = Automatic;
				DEVELOPMENT_TEAM = 8U54G7LGSB;
				INFOPLIST_FILE = MyBlogDemoTests/Info.plist;
				IPHONEOS_DEPLOYMENT_TARGET = 9.0;
				LD_RUNPATH_SEARCH_PATHS = (
					"$(inherited)",
					"@executable_path/Frameworks",
					"@loader_path/Frameworks",
				);
				ONLY_ACTIVE_ARCH = NO;
				PRODUCT_BUNDLE_IDENTIFIER = WTC.MyBlogDemoTests;
				PRODUCT_NAME = "$(TARGET_NAME)";
				TARGETED_DEVICE_FAMILY = "1,2";
				TEST_HOST = "$(BUILT_PRODUCTS_DIR)/MyBlogDemo.app/MyBlogDemo";
				VALID_ARCHS = "arm64 arm64e armv7 armv7s";
			};
			name = Release;
		};
		B1780AD0211C1BD6003844EB /* Debug */ = {
			isa = XCBuildConfiguration;
			buildSettings = {
				ALWAYS_SEARCH_USER_PATHS = NO;
				CLANG_ANALYZER_NONNULL = YES;
				CLANG_ANALYZER_NUMBER_OBJECT_CONVERSION = YES_AGGRESSIVE;
				CLANG_CXX_LANGUAGE_STANDARD = "gnu++14";
				CLANG_CXX_LIBRARY = "libc++";
				CLANG_ENABLE_MODULES = YES;
				CLANG_ENABLE_OBJC_ARC = YES;
				CLANG_ENABLE_OBJC_WEAK = YES;
				CLANG_WARN_BLOCK_CAPTURE_AUTORELEASING = YES;
				CLANG_WARN_BOOL_CONVERSION = YES;
				CLANG_WARN_COMMA = YES;
				CLANG_WARN_CONSTANT_CONVERSION = YES;
				CLANG_WARN_DEPRECATED_OBJC_IMPLEMENTATIONS = YES;
				CLANG_WARN_DIRECT_OBJC_ISA_USAGE = YES_ERROR;
				CLANG_WARN_DOCUMENTATION_COMMENTS = YES;
				CLANG_WARN_EMPTY_BODY = YES;
				CLANG_WARN_ENUM_CONVERSION = YES;
				CLANG_WARN_INFINITE_RECURSION = YES;
				CLANG_WARN_INT_CONVERSION = YES;
				CLANG_WARN_NON_LITERAL_NULL_CONVERSION = YES;
				CLANG_WARN_OBJC_IMPLICIT_RETAIN_SELF = YES;
				CLANG_WARN_OBJC_LITERAL_CONVERSION = YES;
				CLANG_WARN_OBJC_ROOT_CLASS = YES_ERROR;
				CLANG_WARN_RANGE_LOOP_ANALYSIS = YES;
				CLANG_WARN_STRICT_PROTOTYPES = YES;
				CLANG_WARN_SUSPICIOUS_MOVE = YES;
				CLANG_WARN_UNGUARDED_AVAILABILITY = YES_AGGRESSIVE;
				CLANG_WARN_UNREACHABLE_CODE = YES;
				CLANG_WARN__DUPLICATE_METHOD_MATCH = YES;
				CODE_SIGN_IDENTITY = "iPhone Developer";
				COPY_PHASE_STRIP = NO;
				DEBUG_INFORMATION_FORMAT = dwarf;
				ENABLE_STRICT_OBJC_MSGSEND = YES;
				ENABLE_TESTABILITY = YES;
				GCC_C_LANGUAGE_STANDARD = gnu11;
				GCC_DYNAMIC_NO_PIC = NO;
				GCC_NO_COMMON_BLOCKS = YES;
				GCC_OPTIMIZATION_LEVEL = 0;
				GCC_PREPROCESSOR_DEFINITIONS = (
					"DEBUG=1",
					"$(inherited)",
				);
				GCC_WARN_64_TO_32_BIT_CONVERSION = YES;
				GCC_WARN_ABOUT_RETURN_TYPE = YES_ERROR;
				GCC_WARN_UNDECLARED_SELECTOR = YES;
				GCC_WARN_UNINITIALIZED_AUTOS = YES_AGGRESSIVE;
				GCC_WARN_UNUSED_FUNCTION = YES;
				GCC_WARN_UNUSED_VARIABLE = YES;
				IPHONEOS_DEPLOYMENT_TARGET = 9.0;
				MTL_ENABLE_DEBUG_INFO = INCLUDE_SOURCE;
				MTL_FAST_MATH = YES;
				ONLY_ACTIVE_ARCH = YES;
				SDKROOT = iphoneos;
			};
			name = Debug;
		};
		B1780AD1211C1BD6003844EB /* Release */ = {
			isa = XCBuildConfiguration;
			buildSettings = {
				ALWAYS_SEARCH_USER_PATHS = NO;
				CLANG_ANALYZER_NONNULL = YES;
				CLANG_ANALYZER_NUMBER_OBJECT_CONVERSION = YES_AGGRESSIVE;
				CLANG_CXX_LANGUAGE_STANDARD = "gnu++14";
				CLANG_CXX_LIBRARY = "libc++";
				CLANG_ENABLE_MODULES = YES;
				CLANG_ENABLE_OBJC_ARC = YES;
				CLANG_ENABLE_OBJC_WEAK = YES;
				CLANG_WARN_BLOCK_CAPTURE_AUTORELEASING = YES;
				CLANG_WARN_BOOL_CONVERSION = YES;
				CLANG_WARN_COMMA = YES;
				CLANG_WARN_CONSTANT_CONVERSION = YES;
				CLANG_WARN_DEPRECATED_OBJC_IMPLEMENTATIONS = YES;
				CLANG_WARN_DIRECT_OBJC_ISA_USAGE = YES_ERROR;
				CLANG_WARN_DOCUMENTATION_COMMENTS = YES;
				CLANG_WARN_EMPTY_BODY = YES;
				CLANG_WARN_ENUM_CONVERSION = YES;
				CLANG_WARN_INFINITE_RECURSION = YES;
				CLANG_WARN_INT_CONVERSION = YES;
				CLANG_WARN_NON_LITERAL_NULL_CONVERSION = YES;
				CLANG_WARN_OBJC_IMPLICIT_RETAIN_SELF = YES;
				CLANG_WARN_OBJC_LITERAL_CONVERSION = YES;
				CLANG_WARN_OBJC_ROOT_CLASS = YES_ERROR;
				CLANG_WARN_RANGE_LOOP_ANALYSIS = YES;
				CLANG_WARN_STRICT_PROTOTYPES = YES;
				CLANG_WARN_SUSPICIOUS_MOVE = YES;
				CLANG_WARN_UNGUARDED_AVAILABILITY = YES_AGGRESSIVE;
				CLANG_WARN_UNREACHABLE_CODE = YES;
				CLANG_WARN__DUPLICATE_METHOD_MATCH = YES;
				CODE_SIGN_IDENTITY = "iPhone Developer";
				COPY_PHASE_STRIP = NO;
				DEBUG_INFORMATION_FORMAT = "dwarf-with-dsym";
				ENABLE_NS_ASSERTIONS = NO;
				ENABLE_STRICT_OBJC_MSGSEND = YES;
				GCC_C_LANGUAGE_STANDARD = gnu11;
				GCC_NO_COMMON_BLOCKS = YES;
				GCC_WARN_64_TO_32_BIT_CONVERSION = YES;
				GCC_WARN_ABOUT_RETURN_TYPE = YES_ERROR;
				GCC_WARN_UNDECLARED_SELECTOR = YES;
				GCC_WARN_UNINITIALIZED_AUTOS = YES_AGGRESSIVE;
				GCC_WARN_UNUSED_FUNCTION = YES;
				GCC_WARN_UNUSED_VARIABLE = YES;
				IPHONEOS_DEPLOYMENT_TARGET = 9.0;
				MTL_ENABLE_DEBUG_INFO = NO;
				MTL_FAST_MATH = YES;
				SDKROOT = iphoneos;
				SWIFT_COMPILATION_MODE = wholemodule;
				VALIDATE_PRODUCT = YES;
			};
			name = Release;
		};
		B1780AD3211C1BD6003844EB /* Debug */ = {
			isa = XCBuildConfiguration;
			baseConfigurationReference = 19184C06CB65DC3EBC8ED9B9 /* Pods-MyBlogDemo.debug.xcconfig */;
			buildSettings = {
				ASSETCATALOG_COMPILER_APPICON_NAME = AppIcon;
				CLANG_ENABLE_MODULES = YES;
				CODE_SIGN_STYLE = Automatic;
				DEVELOPMENT_TEAM = 8U54G7LGSB;
				INFOPLIST_FILE = MyBlogDemo/Info.plist;
				IPHONEOS_DEPLOYMENT_TARGET = 9.0;
				LD_RUNPATH_SEARCH_PATHS = (
					"$(inherited)",
					"@executable_path/Frameworks",
				);
				PRODUCT_BUNDLE_IDENTIFIER = WTC.MyBlogDemo;
				PRODUCT_NAME = "$(TARGET_NAME)";
				SWIFT_OBJC_BRIDGING_HEADER = "MyBlogDemo/Swift/MyBlogDemo-Bridging-Header.h";
				SWIFT_OPTIMIZATION_LEVEL = "-Onone";
				SWIFT_VERSION = 4.2;
				TARGETED_DEVICE_FAMILY = 1;
			};
			name = Debug;
		};
		B1780AD4211C1BD6003844EB /* Release */ = {
			isa = XCBuildConfiguration;
			baseConfigurationReference = 8A619B6DCF69E6043B8C6FA0 /* Pods-MyBlogDemo.release.xcconfig */;
			buildSettings = {
				ASSETCATALOG_COMPILER_APPICON_NAME = AppIcon;
				CLANG_ENABLE_MODULES = YES;
				CODE_SIGN_STYLE = Automatic;
				DEVELOPMENT_TEAM = 8U54G7LGSB;
				INFOPLIST_FILE = MyBlogDemo/Info.plist;
				IPHONEOS_DEPLOYMENT_TARGET = 9.0;
				LD_RUNPATH_SEARCH_PATHS = (
					"$(inherited)",
					"@executable_path/Frameworks",
				);
				PRODUCT_BUNDLE_IDENTIFIER = WTC.MyBlogDemo;
				PRODUCT_NAME = "$(TARGET_NAME)";
				SWIFT_OBJC_BRIDGING_HEADER = "MyBlogDemo/Swift/MyBlogDemo-Bridging-Header.h";
				SWIFT_VERSION = 4.2;
				TARGETED_DEVICE_FAMILY = 1;
			};
			name = Release;
		};
/* End XCBuildConfiguration section */

/* Begin XCConfigurationList section */
		B172BE6B21C65B8F0025986A /* Build configuration list for PBXNativeTarget "MyBlogDemoTests" */ = {
			isa = XCConfigurationList;
			buildConfigurations = (
				B172BE6C21C65B8F0025986A /* Debug */,
				B172BE6D21C65B8F0025986A /* Release */,
			);
			defaultConfigurationIsVisible = 0;
			defaultConfigurationName = Release;
		};
		B1780AB7211C1BD5003844EB /* Build configuration list for PBXProject "MyBlogDemo" */ = {
			isa = XCConfigurationList;
			buildConfigurations = (
				B1780AD0211C1BD6003844EB /* Debug */,
				B1780AD1211C1BD6003844EB /* Release */,
			);
			defaultConfigurationIsVisible = 0;
			defaultConfigurationName = Release;
		};
		B1780AD2211C1BD6003844EB /* Build configuration list for PBXNativeTarget "MyBlogDemo" */ = {
			isa = XCConfigurationList;
			buildConfigurations = (
				B1780AD3211C1BD6003844EB /* Debug */,
				B1780AD4211C1BD6003844EB /* Release */,
			);
			defaultConfigurationIsVisible = 0;
			defaultConfigurationName = Release;
		};
/* End XCConfigurationList section */
	};
	rootObject = B1780AB4211C1BD5003844EB /* Project object */;
}
