// !$*UTF8*$!
{
	archiveVersion = 1;
	classes = {
	};
	objectVersion = 50;
	objects = {

/* Begin PBXBuildFile section */
		B13674CB211C35F500282FB3 /* TCViewModel.m in Sources */ = {isa = PBXBuildFile; fileRef = B13674CA211C35F500282FB3 /* TCViewModel.m */; };
		B1780AC1211C1BD5003844EB /* AppDelegate.m in Sources */ = {isa = PBXBuildFile; fileRef = B1780AC0211C1BD5003844EB /* AppDelegate.m */; };
		B1780AC4211C1BD5003844EB /* ViewController.m in Sources */ = {isa = PBXBuildFile; fileRef = B1780AC3211C1BD5003844EB /* ViewController.m */; };
		B1780AC7211C1BD5003844EB /* Main.storyboard in Resources */ = {isa = PBXBuildFile; fileRef = B1780AC5211C1BD5003844EB /* Main.storyboard */; };
		B1780AC9211C1BD6003844EB /* Assets.xcassets in Resources */ = {isa = PBXBuildFile; fileRef = B1780AC8211C1BD6003844EB /* Assets.xcassets */; };
		B1780ACC211C1BD6003844EB /* LaunchScreen.storyboard in Resources */ = {isa = PBXBuildFile; fileRef = B1780ACA211C1BD6003844EB /* LaunchScreen.storyboard */; };
		B1780ACF211C1BD6003844EB /* main.m in Sources */ = {isa = PBXBuildFile; fileRef = B1780ACE211C1BD6003844EB /* main.m */; };
		B1780AD8211C1FD2003844EB /* TCCopyViewController.m in Sources */ = {isa = PBXBuildFile; fileRef = B1780AD7211C1FD2003844EB /* TCCopyViewController.m */; };
/* End PBXBuildFile section */

/* Begin PBXFileReference section */
		B13674C9211C35F500282FB3 /* TCViewModel.h */ = {isa = PBXFileReference; lastKnownFileType = sourcecode.c.h; path = TCViewModel.h; sourceTree = "<group>"; };
		B13674CA211C35F500282FB3 /* TCViewModel.m */ = {isa = PBXFileReference; lastKnownFileType = sourcecode.c.objc; path = TCViewModel.m; sourceTree = "<group>"; };
		B1780ABC211C1BD5003844EB /* MyBlogDemo.app */ = {isa = PBXFileReference; explicitFileType = wrapper.application; includeInIndex = 0; path = MyBlogDemo.app; sourceTree = BUILT_PRODUCTS_DIR; };
		B1780ABF211C1BD5003844EB /* AppDelegate.h */ = {isa = PBXFileReference; lastKnownFileType = sourcecode.c.h; path = AppDelegate.h; sourceTree = "<group>"; };
		B1780AC0211C1BD5003844EB /* AppDelegate.m */ = {isa = PBXFileReference; lastKnownFileType = sourcecode.c.objc; path = AppDelegate.m; sourceTree = "<group>"; };
		B1780AC2211C1BD5003844EB /* ViewController.h */ = {isa = PBXFileReference; lastKnownFileType = sourcecode.c.h; path = ViewController.h; sourceTree = "<group>"; };
		B1780AC3211C1BD5003844EB /* ViewController.m */ = {isa = PBXFileReference; lastKnownFileType = sourcecode.c.objc; path = ViewController.m; sourceTree = "<group>"; };
		B1780AC6211C1BD5003844EB /* Base */ = {isa = PBXFileReference; lastKnownFileType = file.storyboard; name = Base; path = Base.lproj/Main.storyboard; sourceTree = "<group>"; };
		B1780AC8211C1BD6003844EB /* Assets.xcassets */ = {isa = PBXFileReference; lastKnownFileType = folder.assetcatalog; path = Assets.xcassets; sourceTree = "<group>"; };
		B1780ACB211C1BD6003844EB /* Base */ = {isa = PBXFileReference; lastKnownFileType = file.storyboard; name = Base; path = Base.lproj/LaunchScreen.storyboard; sourceTree = "<group>"; };
		B1780ACD211C1BD6003844EB /* Info.plist */ = {isa = PBXFileReference; lastKnownFileType = text.plist.xml; path = Info.plist; sourceTree = "<group>"; };
		B1780ACE211C1BD6003844EB /* main.m */ = {isa = PBXFileReference; lastKnownFileType = sourcecode.c.objc; path = main.m; sourceTree = "<group>"; };
		B1780AD6211C1FD2003844EB /* TCCopyViewController.h */ = {isa = PBXFileReference; lastKnownFileType = sourcecode.c.h; path = TCCopyViewController.h; sourceTree = "<group>"; };
		B1780AD7211C1FD2003844EB /* TCCopyViewController.m */ = {isa = PBXFileReference; lastKnownFileType = sourcecode.c.objc; path = TCCopyViewController.m; sourceTree = "<group>"; };
/* End PBXFileReference section */

/* Begin PBXFrameworksBuildPhase section */
		B1780AB9211C1BD5003844EB /* Frameworks */ = {
			isa = PBXFrameworksBuildPhase;
			buildActionMask = 2147483647;
			files = (
			);
			runOnlyForDeploymentPostprocessing = 0;
		};
/* End PBXFrameworksBuildPhase section */

/* Begin PBXGroup section */
		B1780AB3211C1BD5003844EB = {
			isa = PBXGroup;
			children = (
				B1780ABE211C1BD5003844EB /* MyBlogDemo */,
				B1780ABD211C1BD5003844EB /* Products */,
			);
			sourceTree = "<group>";
		};
		B1780ABD211C1BD5003844EB /* Products */ = {
			isa = PBXGroup;
			children = (
				B1780ABC211C1BD5003844EB /* MyBlogDemo.app */,
			);
			name = Products;
			sourceTree = "<group>";
		};
		B1780ABE211C1BD5003844EB /* MyBlogDemo */ = {
			isa = PBXGroup;
			children = (
				B1780AD9211C21A6003844EB /* MVVM */,
				B1780AD5211C1E38003844EB /* Copy,Strong,DeepCopy,ShallowCopy */,
				B1780ABF211C1BD5003844EB /* AppDelegate.h */,
				B1780AC0211C1BD5003844EB /* AppDelegate.m */,
				B1780AC2211C1BD5003844EB /* ViewController.h */,
				B1780AC3211C1BD5003844EB /* ViewController.m */,
				B1780AC5211C1BD5003844EB /* Main.storyboard */,
				B1780AC8211C1BD6003844EB /* Assets.xcassets */,
				B1780ACA211C1BD6003844EB /* LaunchScreen.storyboard */,
				B1780ACD211C1BD6003844EB /* Info.plist */,
				B1780ACE211C1BD6003844EB /* main.m */,
			);
			path = MyBlogDemo;
			sourceTree = "<group>";
		};
		B1780AD5211C1E38003844EB /* Copy,Strong,DeepCopy,ShallowCopy */ = {
			isa = PBXGroup;
			children = (
				B1780AD6211C1FD2003844EB /* TCCopyViewController.h */,
				B1780AD7211C1FD2003844EB /* TCCopyViewController.m */,
			);
			path = "Copy,Strong,DeepCopy,ShallowCopy";
			sourceTree = "<group>";
		};
		B1780AD9211C21A6003844EB /* MVVM */ = {
			isa = PBXGroup;
			children = (
				B13674C9211C35F500282FB3 /* TCViewModel.h */,
				B13674CA211C35F500282FB3 /* TCViewModel.m */,
			);
			path = MVVM;
			sourceTree = "<group>";
		};
/* End PBXGroup section */

/* Begin PBXNativeTarget section */
		B1780ABB211C1BD5003844EB /* MyBlogDemo */ = {
			isa = PBXNativeTarget;
			buildConfigurationList = B1780AD2211C1BD6003844EB /* Build configuration list for PBXNativeTarget "MyBlogDemo" */;
			buildPhases = (
				B1780AB8211C1BD5003844EB /* Sources */,
				B1780AB9211C1BD5003844EB /* Frameworks */,
				B1780ABA211C1BD5003844EB /* Resources */,
			);
			buildRules = (
			);
			dependencies = (
			);
			name = MyBlogDemo;
			productName = MyBlogDemo;
			productReference = B1780ABC211C1BD5003844EB /* MyBlogDemo.app */;
			productType = "com.apple.product-type.application";
		};
/* End PBXNativeTarget section */

/* Begin PBXProject section */
		B1780AB4211C1BD5003844EB /* Project object */ = {
			isa = PBXProject;
			attributes = {
				LastUpgradeCheck = 1000;
				ORGANIZATIONNAME = "Tianchi Wang";
				TargetAttributes = {
					B1780ABB211C1BD5003844EB = {
						CreatedOnToolsVersion = 10.0;
					};
				};
			};
			buildConfigurationList = B1780AB7211C1BD5003844EB /* Build configuration list for PBXProject "MyBlogDemo" */;
			compatibilityVersion = "Xcode 9.3";
			developmentRegion = en;
			hasScannedForEncodings = 0;
			knownRegions = (
				en,
				Base,
			);
			mainGroup = B1780AB3211C1BD5003844EB;
			productRefGroup = B1780ABD211C1BD5003844EB /* Products */;
			projectDirPath = "";
			projectRoot = "";
			targets = (
				B1780ABB211C1BD5003844EB /* MyBlogDemo */,
			);
		};
/* End PBXProject section */

/* Begin PBXResourcesBuildPhase section */
		B1780ABA211C1BD5003844EB /* Resources */ = {
			isa = PBXResourcesBuildPhase;
			buildActionMask = 2147483647;
			files = (
				B1780ACC211C1BD6003844EB /* LaunchScreen.storyboard in Resources */,
				B1780AC9211C1BD6003844EB /* Assets.xcassets in Resources */,
				B1780AC7211C1BD5003844EB /* Main.storyboard in Resources */,
			);
			runOnlyForDeploymentPostprocessing = 0;
		};
/* End PBXResourcesBuildPhase section */

/* Begin PBXSourcesBuildPhase section */
		B1780AB8211C1BD5003844EB /* Sources */ = {
			isa = PBXSourcesBuildPhase;
			buildActionMask = 2147483647;
			files = (
				B1780AC4211C1BD5003844EB /* ViewController.m in Sources */,
				B1780ACF211C1BD6003844EB /* main.m in Sources */,
				B13674CB211C35F500282FB3 /* TCViewModel.m in Sources */,
				B1780AD8211C1FD2003844EB /* TCCopyViewController.m in Sources */,
				B1780AC1211C1BD5003844EB /* AppDelegate.m in Sources */,
			);
			runOnlyForDeploymentPostprocessing = 0;
		};
/* End PBXSourcesBuildPhase section */

/* Begin PBXVariantGroup section */
		B1780AC5211C1BD5003844EB /* Main.storyboard */ = {
			isa = PBXVariantGroup;
			children = (
				B1780AC6211C1BD5003844EB /* Base */,
			);
			name = Main.storyboard;
			sourceTree = "<group>";
		};
		B1780ACA211C1BD6003844EB /* LaunchScreen.storyboard */ = {
			isa = PBXVariantGroup;
			children = (
				B1780ACB211C1BD6003844EB /* Base */,
			);
			name = LaunchScreen.storyboard;
			sourceTree = "<group>";
		};
/* End PBXVariantGroup section */

/* Begin XCBuildConfiguration section */
		B1780AD0211C1BD6003844EB /* Debug */ = {
			isa = XCBuildConfiguration;
			buildSettings = {
				ALWAYS_SEARCH_USER_PATHS = NO;
				CLANG_ANALYZER_NONNULL = YES;
				CLANG_ANALYZER_NUMBER_OBJECT_CONVERSION = YES_AGGRESSIVE;
				CLANG_CXX_LANGUAGE_STANDARD = "gnu++14";
				CLANG_CXX_LIBRARY = "libc++";
				CLANG_ENABLE_MODULES = YES;
				CLANG_ENABLE_OBJC_ARC = YES;
				CLANG_ENABLE_OBJC_WEAK = YES;
				CLANG_WARN_BLOCK_CAPTURE_AUTORELEASING = YES;
				CLANG_WARN_BOOL_CONVERSION = YES;
				CLANG_WARN_COMMA = YES;
				CLANG_WARN_CONSTANT_CONVERSION = YES;
				CLANG_WARN_DEPRECATED_OBJC_IMPLEMENTATIONS = YES;
				CLANG_WARN_DIRECT_OBJC_ISA_USAGE = YES_ERROR;
				CLANG_WARN_DOCUMENTATION_COMMENTS = YES;
				CLANG_WARN_EMPTY_BODY = YES;
				CLANG_WARN_ENUM_CONVERSION = YES;
				CLANG_WARN_INFINITE_RECURSION = YES;
				CLANG_WARN_INT_CONVERSION = YES;
				CLANG_WARN_NON_LITERAL_NULL_CONVERSION = YES;
				CLANG_WARN_OBJC_IMPLICIT_RETAIN_SELF = YES;
				CLANG_WARN_OBJC_LITERAL_CONVERSION = YES;
				CLANG_WARN_OBJC_ROOT_CLASS = YES_ERROR;
				CLANG_WARN_RANGE_LOOP_ANALYSIS = YES;
				CLANG_WARN_STRICT_PROTOTYPES = YES;
				CLANG_WARN_SUSPICIOUS_MOVE = YES;
				CLANG_WARN_UNGUARDED_AVAILABILITY = YES_AGGRESSIVE;
				CLANG_WARN_UNREACHABLE_CODE = YES;
				CLANG_WARN__DUPLICATE_METHOD_MATCH = YES;
				CODE_SIGN_IDENTITY = "iPhone Developer";
				COPY_PHASE_STRIP = NO;
				DEBUG_INFORMATION_FORMAT = dwarf;
				ENABLE_STRICT_OBJC_MSGSEND = YES;
				ENABLE_TESTABILITY = YES;
				GCC_C_LANGUAGE_STANDARD = gnu11;
				GCC_DYNAMIC_NO_PIC = NO;
				GCC_NO_COMMON_BLOCKS = YES;
				GCC_OPTIMIZATION_LEVEL = 0;
				GCC_PREPROCESSOR_DEFINITIONS = (
					"DEBUG=1",
					"$(inherited)",
				);
				GCC_WARN_64_TO_32_BIT_CONVERSION = YES;
				GCC_WARN_ABOUT_RETURN_TYPE = YES_ERROR;
				GCC_WARN_UNDECLARED_SELECTOR = YES;
				GCC_WARN_UNINITIALIZED_AUTOS = YES_AGGRESSIVE;
				GCC_WARN_UNUSED_FUNCTION = YES;
				GCC_WARN_UNUSED_VARIABLE = YES;
				IPHONEOS_DEPLOYMENT_TARGET = 12.0;
				MTL_ENABLE_DEBUG_INFO = INCLUDE_SOURCE;
				MTL_FAST_MATH = YES;
				ONLY_ACTIVE_ARCH = YES;
				SDKROOT = iphoneos;
			};
			name = Debug;
		};
		B1780AD1211C1BD6003844EB /* Release */ = {
			isa = XCBuildConfiguration;
			buildSettings = {
				ALWAYS_SEARCH_USER_PATHS = NO;
				CLANG_ANALYZER_NONNULL = YES;
				CLANG_ANALYZER_NUMBER_OBJECT_CONVERSION = YES_AGGRESSIVE;
				CLANG_CXX_LANGUAGE_STANDARD = "gnu++14";
				CLANG_CXX_LIBRARY = "libc++";
				CLANG_ENABLE_MODULES = YES;
				CLANG_ENABLE_OBJC_ARC = YES;
				CLANG_ENABLE_OBJC_WEAK = YES;
				CLANG_WARN_BLOCK_CAPTURE_AUTORELEASING = YES;
				CLANG_WARN_BOOL_CONVERSION = YES;
				CLANG_WARN_COMMA = YES;
				CLANG_WARN_CONSTANT_CONVERSION = YES;
				CLANG_WARN_DEPRECATED_OBJC_IMPLEMENTATIONS = YES;
				CLANG_WARN_DIRECT_OBJC_ISA_USAGE = YES_ERROR;
				CLANG_WARN_DOCUMENTATION_COMMENTS = YES;
				CLANG_WARN_EMPTY_BODY = YES;
				CLANG_WARN_ENUM_CONVERSION = YES;
				CLANG_WARN_INFINITE_RECURSION = YES;
				CLANG_WARN_INT_CONVERSION = YES;
				CLANG_WARN_NON_LITERAL_NULL_CONVERSION = YES;
				CLANG_WARN_OBJC_IMPLICIT_RETAIN_SELF = YES;
				CLANG_WARN_OBJC_LITERAL_CONVERSION = YES;
				CLANG_WARN_OBJC_ROOT_CLASS = YES_ERROR;
				CLANG_WARN_RANGE_LOOP_ANALYSIS = YES;
				CLANG_WARN_STRICT_PROTOTYPES = YES;
				CLANG_WARN_SUSPICIOUS_MOVE = YES;
				CLANG_WARN_UNGUARDED_AVAILABILITY = YES_AGGRESSIVE;
				CLANG_WARN_UNREACHABLE_CODE = YES;
				CLANG_WARN__DUPLICATE_METHOD_MATCH = YES;
				CODE_SIGN_IDENTITY = "iPhone Developer";
				COPY_PHASE_STRIP = NO;
				DEBUG_INFORMATION_FORMAT = "dwarf-with-dsym";
				ENABLE_NS_ASSERTIONS = NO;
				ENABLE_STRICT_OBJC_MSGSEND = YES;
				GCC_C_LANGUAGE_STANDARD = gnu11;
				GCC_NO_COMMON_BLOCKS = YES;
				GCC_WARN_64_TO_32_BIT_CONVERSION = YES;
				GCC_WARN_ABOUT_RETURN_TYPE = YES_ERROR;
				GCC_WARN_UNDECLARED_SELECTOR = YES;
				GCC_WARN_UNINITIALIZED_AUTOS = YES_AGGRESSIVE;
				GCC_WARN_UNUSED_FUNCTION = YES;
				GCC_WARN_UNUSED_VARIABLE = YES;
				IPHONEOS_DEPLOYMENT_TARGET = 12.0;
				MTL_ENABLE_DEBUG_INFO = NO;
				MTL_FAST_MATH = YES;
				SDKROOT = iphoneos;
				VALIDATE_PRODUCT = YES;
			};
			name = Release;
		};
		B1780AD3211C1BD6003844EB /* Debug */ = {
			isa = XCBuildConfiguration;
			buildSettings = {
				ASSETCATALOG_COMPILER_APPICON_NAME = AppIcon;
				CODE_SIGN_STYLE = Automatic;
				DEVELOPMENT_TEAM = 8U54G7LGSB;
				INFOPLIST_FILE = MyBlogDemo/Info.plist;
				LD_RUNPATH_SEARCH_PATHS = (
					"$(inherited)",
					"@executable_path/Frameworks",
				);
				PRODUCT_BUNDLE_IDENTIFIER = WTC.MyBlogDemo;
				PRODUCT_NAME = "$(TARGET_NAME)";
				TARGETED_DEVICE_FAMILY = "1,2";
			};
			name = Debug;
		};
		B1780AD4211C1BD6003844EB /* Release */ = {
			isa = XCBuildConfiguration;
			buildSettings = {
				ASSETCATALOG_COMPILER_APPICON_NAME = AppIcon;
				CODE_SIGN_STYLE = Automatic;
				DEVELOPMENT_TEAM = 8U54G7LGSB;
				INFOPLIST_FILE = MyBlogDemo/Info.plist;
				LD_RUNPATH_SEARCH_PATHS = (
					"$(inherited)",
					"@executable_path/Frameworks",
				);
				PRODUCT_BUNDLE_IDENTIFIER = WTC.MyBlogDemo;
				PRODUCT_NAME = "$(TARGET_NAME)";
				TARGETED_DEVICE_FAMILY = "1,2";
			};
			name = Release;
		};
/* End XCBuildConfiguration section */

/* Begin XCConfigurationList section */
		B1780AB7211C1BD5003844EB /* Build configuration list for PBXProject "MyBlogDemo" */ = {
			isa = XCConfigurationList;
			buildConfigurations = (
				B1780AD0211C1BD6003844EB /* Debug */,
				B1780AD1211C1BD6003844EB /* Release */,
			);
			defaultConfigurationIsVisible = 0;
			defaultConfigurationName = Release;
		};
		B1780AD2211C1BD6003844EB /* Build configuration list for PBXNativeTarget "MyBlogDemo" */ = {
			isa = XCConfigurationList;
			buildConfigurations = (
				B1780AD3211C1BD6003844EB /* Debug */,
				B1780AD4211C1BD6003844EB /* Release */,
			);
			defaultConfigurationIsVisible = 0;
			defaultConfigurationName = Release;
		};
/* End XCConfigurationList section */
	};
	rootObject = B1780AB4211C1BD5003844EB /* Project object */;
}
